PODS:
  - Masonry (0.5.3)
  - STNotificationHelper (1.1.2):
    - Masonry

DEPENDENCIES:
  - STNotificationHelper (from `../STNotificationHelper.podspec`)

EXTERNAL SOURCES:
  STNotificationHelper:
    :path: ../STNotificationHelper.podspec

SPEC CHECKSUMS:
  Masonry: 35368c2ca9577ca87722c12fc52c4bad9b1c1516
  STNotificationHelper: d92099d14e5f971365b64eb0f338c528a4d79d66

COCOAPODS: 0.36.0.beta.1
