PODS:
  - Masonry (0.5.3)
  - STNotificationHelper (1.0.0):
    - Masonry

DEPENDENCIES:
  - STNotificationHelper (from `../STNotificationHelper.podspec`)

EXTERNAL SOURCES:
  STNotificationHelper:
    :path: ../STNotificationHelper.podspec

SPEC CHECKSUMS:
  Masonry: 35368c2ca9577ca87722c12fc52c4bad9b1c1516
  STNotificationHelper: 52d6448a5dc940cc3fc8a125f182cfd322b4508c

COCOAPODS: 0.34.4
