PODS:
  - Masonry (0.5.3)
  - STNotificationHelper (1.0.0):
    - Masonry

DEPENDENCIES:
  - STNotificationHelper (from `../STNotificationHelper.podspec`)

EXTERNAL SOURCES:
  STNotificationHelper:
    :path: ../STNotificationHelper.podspec

SPEC CHECKSUMS:
  Masonry: 35368c2ca9577ca87722c12fc52c4bad9b1c1516
  STNotificationHelper: ca38ff27454f211a54010bfadbb0aea247eb24e6

COCOAPODS: 0.34.4
